
Microsoft Visual Studio Solution File, Format Version 12.00
# Visual Studio Version 17
VisualStudioVersion = 17.0.31903.59
MinimumVisualStudioVersion = 10.0.40219.1
Project("{2150E333-8FDC-42A3-9474-1A3956D46DE8}") = "src", "src", "{827E0CD3-B72D-47B6-A68D-7590B98EB39B}"
EndProject
Project("{FAE04EC0-301F-11D3-BF4B-00C04F79EFBC}") = "I2CBridge.Framework", "src\I2CBridge.Framework\I2CBridge.Framework.csproj", "{680EF7C6-6D6D-462D-A781-C3A5E697CFC1}"
EndProject
Project("{FAE04EC0-301F-11D3-BF4B-00C04F79EFBC}") = "I2CBridge.Transport", "src\I2CBridge.Transport\I2CBridge.Transport.csproj", "{111DD599-6E8A-4E1E-AEF7-432568B237D5}"
EndProject
Project("{FAE04EC0-301F-11D3-BF4B-00C04F79EFBC}") = "I2CBridge.Devices", "src\I2CBridge.Devices\I2CBridge.Devices.csproj", "{01832750-F4C3-47C8-A011-A826F9A51694}"
EndProject
Project("{FAE04EC0-301F-11D3-BF4B-00C04F79EFBC}") = "I2CBridge.Examples.Console", "src\I2CBridge.Examples.Console\I2CBridge.Examples.Console.csproj", "{69D1975E-6414-43B8-A13D-12E6588D0DF5}"
EndProject
Project("{2150E333-8FDC-42A3-9474-1A3956D46DE8}") = "tests", "tests", "{0AB3BF05-4346-4AA6-1389-037BE0695223}"
EndProject
Project("{FAE04EC0-301F-11D3-BF4B-00C04F79EFBC}") = "I2CBridge.Framework.Tests", "tests\I2CBridge.Framework.Tests\I2CBridge.Framework.Tests.csproj", "{BC33216F-D025-426D-A12C-5AC0332E8F61}"
EndProject
Project("{FAE04EC0-301F-11D3-BF4B-00C04F79EFBC}") = "I2CBridge.Bridges.Tests", "tests\I2CBridge.Bridges.Tests\I2CBridge.Bridges.Tests.csproj", "{5F55DE39-16AD-423A-94BA-07EB76C96263}"
EndProject
Project("{FAE04EC0-301F-11D3-BF4B-00C04F79EFBC}") = "I2CBridge.Devices.Tests", "tests\I2CBridge.Devices.Tests\I2CBridge.Devices.Tests.csproj", "{0B25B52D-D129-4671-9616-74FD6AE922CD}"
EndProject
Project("{FAE04EC0-301F-11D3-BF4B-00C04F79EFBC}") = "I2CBridge.Bridges", "src\I2CBridge.Bridges\I2CBridge.Bridges.csproj", "{CFC70E95-51EF-4ACB-9B05-78F13F44B0EE}"
EndProject
Global
	GlobalSection(SolutionConfigurationPlatforms) = preSolution
		Debug|Any CPU = Debug|Any CPU
		Debug|x64 = Debug|x64
		Debug|x86 = Debug|x86
		Release|Any CPU = Release|Any CPU
		Release|x64 = Release|x64
		Release|x86 = Release|x86
	EndGlobalSection
	GlobalSection(ProjectConfigurationPlatforms) = postSolution
		{680EF7C6-6D6D-462D-A781-C3A5E697CFC1}.Debug|Any CPU.ActiveCfg = Debug|Any CPU
		{680EF7C6-6D6D-462D-A781-C3A5E697CFC1}.Debug|Any CPU.Build.0 = Debug|Any CPU
		{680EF7C6-6D6D-462D-A781-C3A5E697CFC1}.Debug|x64.ActiveCfg = Debug|Any CPU
		{680EF7C6-6D6D-462D-A781-C3A5E697CFC1}.Debug|x64.Build.0 = Debug|Any CPU
		{680EF7C6-6D6D-462D-A781-C3A5E697CFC1}.Debug|x86.ActiveCfg = Debug|Any CPU
		{680EF7C6-6D6D-462D-A781-C3A5E697CFC1}.Debug|x86.Build.0 = Debug|Any CPU
		{680EF7C6-6D6D-462D-A781-C3A5E697CFC1}.Release|Any CPU.ActiveCfg = Release|Any CPU
		{680EF7C6-6D6D-462D-A781-C3A5E697CFC1}.Release|Any CPU.Build.0 = Release|Any CPU
		{680EF7C6-6D6D-462D-A781-C3A5E697CFC1}.Release|x64.ActiveCfg = Release|Any CPU
		{680EF7C6-6D6D-462D-A781-C3A5E697CFC1}.Release|x64.Build.0 = Release|Any CPU
		{680EF7C6-6D6D-462D-A781-C3A5E697CFC1}.Release|x86.ActiveCfg = Release|Any CPU
		{680EF7C6-6D6D-462D-A781-C3A5E697CFC1}.Release|x86.Build.0 = Release|Any CPU
		{111DD599-6E8A-4E1E-AEF7-432568B237D5}.Debug|Any CPU.ActiveCfg = Debug|Any CPU
		{111DD599-6E8A-4E1E-AEF7-432568B237D5}.Debug|Any CPU.Build.0 = Debug|Any CPU
		{111DD599-6E8A-4E1E-AEF7-432568B237D5}.Debug|x64.ActiveCfg = Debug|Any CPU
		{111DD599-6E8A-4E1E-AEF7-432568B237D5}.Debug|x64.Build.0 = Debug|Any CPU
		{111DD599-6E8A-4E1E-AEF7-432568B237D5}.Debug|x86.ActiveCfg = Debug|Any CPU
		{111DD599-6E8A-4E1E-AEF7-432568B237D5}.Debug|x86.Build.0 = Debug|Any CPU
		{111DD599-6E8A-4E1E-AEF7-432568B237D5}.Release|Any CPU.ActiveCfg = Release|Any CPU
		{111DD599-6E8A-4E1E-AEF7-432568B237D5}.Release|Any CPU.Build.0 = Release|Any CPU
		{111DD599-6E8A-4E1E-AEF7-432568B237D5}.Release|x64.ActiveCfg = Release|Any CPU
		{111DD599-6E8A-4E1E-AEF7-432568B237D5}.Release|x64.Build.0 = Release|Any CPU
		{111DD599-6E8A-4E1E-AEF7-432568B237D5}.Release|x86.ActiveCfg = Release|Any CPU
		{111DD599-6E8A-4E1E-AEF7-432568B237D5}.Release|x86.Build.0 = Release|Any CPU
		{01832750-F4C3-47C8-A011-A826F9A51694}.Debug|Any CPU.ActiveCfg = Debug|Any CPU
		{01832750-F4C3-47C8-A011-A826F9A51694}.Debug|Any CPU.Build.0 = Debug|Any CPU
		{01832750-F4C3-47C8-A011-A826F9A51694}.Debug|x64.ActiveCfg = Debug|Any CPU
		{01832750-F4C3-47C8-A011-A826F9A51694}.Debug|x64.Build.0 = Debug|Any CPU
		{01832750-F4C3-47C8-A011-A826F9A51694}.Debug|x86.ActiveCfg = Debug|Any CPU
		{01832750-F4C3-47C8-A011-A826F9A51694}.Debug|x86.Build.0 = Debug|Any CPU
		{01832750-F4C3-47C8-A011-A826F9A51694}.Release|Any CPU.ActiveCfg = Release|Any CPU
		{01832750-F4C3-47C8-A011-A826F9A51694}.Release|Any CPU.Build.0 = Release|Any CPU
		{01832750-F4C3-47C8-A011-A826F9A51694}.Release|x64.ActiveCfg = Release|Any CPU
		{01832750-F4C3-47C8-A011-A826F9A51694}.Release|x64.Build.0 = Release|Any CPU
		{01832750-F4C3-47C8-A011-A826F9A51694}.Release|x86.ActiveCfg = Release|Any CPU
		{01832750-F4C3-47C8-A011-A826F9A51694}.Release|x86.Build.0 = Release|Any CPU
		{69D1975E-6414-43B8-A13D-12E6588D0DF5}.Debug|Any CPU.ActiveCfg = Debug|Any CPU
		{69D1975E-6414-43B8-A13D-12E6588D0DF5}.Debug|Any CPU.Build.0 = Debug|Any CPU
		{69D1975E-6414-43B8-A13D-12E6588D0DF5}.Debug|x64.ActiveCfg = Debug|Any CPU
		{69D1975E-6414-43B8-A13D-12E6588D0DF5}.Debug|x64.Build.0 = Debug|Any CPU
		{69D1975E-6414-43B8-A13D-12E6588D0DF5}.Debug|x86.ActiveCfg = Debug|Any CPU
		{69D1975E-6414-43B8-A13D-12E6588D0DF5}.Debug|x86.Build.0 = Debug|Any CPU
		{69D1975E-6414-43B8-A13D-12E6588D0DF5}.Release|Any CPU.ActiveCfg = Release|Any CPU
		{69D1975E-6414-43B8-A13D-12E6588D0DF5}.Release|Any CPU.Build.0 = Release|Any CPU
		{69D1975E-6414-43B8-A13D-12E6588D0DF5}.Release|x64.ActiveCfg = Release|Any CPU
		{69D1975E-6414-43B8-A13D-12E6588D0DF5}.Release|x64.Build.0 = Release|Any CPU
		{69D1975E-6414-43B8-A13D-12E6588D0DF5}.Release|x86.ActiveCfg = Release|Any CPU
		{69D1975E-6414-43B8-A13D-12E6588D0DF5}.Release|x86.Build.0 = Release|Any CPU
		{BC33216F-D025-426D-A12C-5AC0332E8F61}.Debug|Any CPU.ActiveCfg = Debug|Any CPU
		{BC33216F-D025-426D-A12C-5AC0332E8F61}.Debug|Any CPU.Build.0 = Debug|Any CPU
		{BC33216F-D025-426D-A12C-5AC0332E8F61}.Debug|x64.ActiveCfg = Debug|Any CPU
		{BC33216F-D025-426D-A12C-5AC0332E8F61}.Debug|x64.Build.0 = Debug|Any CPU
		{BC33216F-D025-426D-A12C-5AC0332E8F61}.Debug|x86.ActiveCfg = Debug|Any CPU
		{BC33216F-D025-426D-A12C-5AC0332E8F61}.Debug|x86.Build.0 = Debug|Any CPU
		{BC33216F-D025-426D-A12C-5AC0332E8F61}.Release|Any CPU.ActiveCfg = Release|Any CPU
		{BC33216F-D025-426D-A12C-5AC0332E8F61}.Release|Any CPU.Build.0 = Release|Any CPU
		{BC33216F-D025-426D-A12C-5AC0332E8F61}.Release|x64.ActiveCfg = Release|Any CPU
		{BC33216F-D025-426D-A12C-5AC0332E8F61}.Release|x64.Build.0 = Release|Any CPU
		{BC33216F-D025-426D-A12C-5AC0332E8F61}.Release|x86.ActiveCfg = Release|Any CPU
		{BC33216F-D025-426D-A12C-5AC0332E8F61}.Release|x86.Build.0 = Release|Any CPU
		{5F55DE39-16AD-423A-94BA-07EB76C96263}.Debug|Any CPU.ActiveCfg = Debug|Any CPU
		{5F55DE39-16AD-423A-94BA-07EB76C96263}.Debug|Any CPU.Build.0 = Debug|Any CPU
		{5F55DE39-16AD-423A-94BA-07EB76C96263}.Debug|x64.ActiveCfg = Debug|Any CPU
		{5F55DE39-16AD-423A-94BA-07EB76C96263}.Debug|x64.Build.0 = Debug|Any CPU
		{5F55DE39-16AD-423A-94BA-07EB76C96263}.Debug|x86.ActiveCfg = Debug|Any CPU
		{5F55DE39-16AD-423A-94BA-07EB76C96263}.Debug|x86.Build.0 = Debug|Any CPU
		{5F55DE39-16AD-423A-94BA-07EB76C96263}.Release|Any CPU.ActiveCfg = Release|Any CPU
		{5F55DE39-16AD-423A-94BA-07EB76C96263}.Release|Any CPU.Build.0 = Release|Any CPU
		{5F55DE39-16AD-423A-94BA-07EB76C96263}.Release|x64.ActiveCfg = Release|Any CPU
		{5F55DE39-16AD-423A-94BA-07EB76C96263}.Release|x64.Build.0 = Release|Any CPU
		{5F55DE39-16AD-423A-94BA-07EB76C96263}.Release|x86.ActiveCfg = Release|Any CPU
		{5F55DE39-16AD-423A-94BA-07EB76C96263}.Release|x86.Build.0 = Release|Any CPU
		{0B25B52D-D129-4671-9616-74FD6AE922CD}.Debug|Any CPU.ActiveCfg = Debug|Any CPU
		{0B25B52D-D129-4671-9616-74FD6AE922CD}.Debug|Any CPU.Build.0 = Debug|Any CPU
		{0B25B52D-D129-4671-9616-74FD6AE922CD}.Debug|x64.ActiveCfg = Debug|Any CPU
		{0B25B52D-D129-4671-9616-74FD6AE922CD}.Debug|x64.Build.0 = Debug|Any CPU
		{0B25B52D-D129-4671-9616-74FD6AE922CD}.Debug|x86.ActiveCfg = Debug|Any CPU
		{0B25B52D-D129-4671-9616-74FD6AE922CD}.Debug|x86.Build.0 = Debug|Any CPU
		{0B25B52D-D129-4671-9616-74FD6AE922CD}.Release|Any CPU.ActiveCfg = Release|Any CPU
		{0B25B52D-D129-4671-9616-74FD6AE922CD}.Release|Any CPU.Build.0 = Release|Any CPU
		{0B25B52D-D129-4671-9616-74FD6AE922CD}.Release|x64.ActiveCfg = Release|Any CPU
		{0B25B52D-D129-4671-9616-74FD6AE922CD}.Release|x64.Build.0 = Release|Any CPU
		{0B25B52D-D129-4671-9616-74FD6AE922CD}.Release|x86.ActiveCfg = Release|Any CPU
		{0B25B52D-D129-4671-9616-74FD6AE922CD}.Release|x86.Build.0 = Release|Any CPU
		{CFC70E95-51EF-4ACB-9B05-78F13F44B0EE}.Debug|Any CPU.ActiveCfg = Debug|Any CPU
		{CFC70E95-51EF-4ACB-9B05-78F13F44B0EE}.Debug|Any CPU.Build.0 = Debug|Any CPU
		{CFC70E95-51EF-4ACB-9B05-78F13F44B0EE}.Debug|x64.ActiveCfg = Debug|Any CPU
		{CFC70E95-51EF-4ACB-9B05-78F13F44B0EE}.Debug|x64.Build.0 = Debug|Any CPU
		{CFC70E95-51EF-4ACB-9B05-78F13F44B0EE}.Debug|x86.ActiveCfg = Debug|Any CPU
		{CFC70E95-51EF-4ACB-9B05-78F13F44B0EE}.Debug|x86.Build.0 = Debug|Any CPU
		{CFC70E95-51EF-4ACB-9B05-78F13F44B0EE}.Release|Any CPU.ActiveCfg = Release|Any CPU
		{CFC70E95-51EF-4ACB-9B05-78F13F44B0EE}.Release|Any CPU.Build.0 = Release|Any CPU
		{CFC70E95-51EF-4ACB-9B05-78F13F44B0EE}.Release|x64.ActiveCfg = Release|Any CPU
		{CFC70E95-51EF-4ACB-9B05-78F13F44B0EE}.Release|x64.Build.0 = Release|Any CPU
		{CFC70E95-51EF-4ACB-9B05-78F13F44B0EE}.Release|x86.ActiveCfg = Release|Any CPU
		{CFC70E95-51EF-4ACB-9B05-78F13F44B0EE}.Release|x86.Build.0 = Release|Any CPU
	EndGlobalSection
	GlobalSection(SolutionProperties) = preSolution
		HideSolutionNode = FALSE
	EndGlobalSection
	GlobalSection(NestedProjects) = preSolution
		{680EF7C6-6D6D-462D-A781-C3A5E697CFC1} = {827E0CD3-B72D-47B6-A68D-7590B98EB39B}
		{111DD599-6E8A-4E1E-AEF7-432568B237D5} = {827E0CD3-B72D-47B6-A68D-7590B98EB39B}
		{01832750-F4C3-47C8-A011-A826F9A51694} = {827E0CD3-B72D-47B6-A68D-7590B98EB39B}
		{69D1975E-6414-43B8-A13D-12E6588D0DF5} = {827E0CD3-B72D-47B6-A68D-7590B98EB39B}
		{BC33216F-D025-426D-A12C-5AC0332E8F61} = {0AB3BF05-4346-4AA6-1389-037BE0695223}
		{5F55DE39-16AD-423A-94BA-07EB76C96263} = {0AB3BF05-4346-4AA6-1389-037BE0695223}
		{0B25B52D-D129-4671-9616-74FD6AE922CD} = {0AB3BF05-4346-4AA6-1389-037BE0695223}
		{CFC70E95-51EF-4ACB-9B05-78F13F44B0EE} = {827E0CD3-B72D-47B6-A68D-7590B98EB39B}
	EndGlobalSection
EndGlobal
